
Microsoft Visual Studio Solution File, Format Version 12.00
# Visual Studio Version 17
VisualStudioVersion = 17.3.32819.101
MinimumVisualStudioVersion = 10.0.40219.1
Project("{FAE04EC0-301F-11D3-BF4B-00C04F79EFBC}") = "KStypemig", "KStypemig\KStypemig.csproj", "{9DEF9122-DEF0-44F5-BEA2-96059F318B54}"
EndProject
Global
	GlobalSection(SolutionConfigurationPlatforms) = preSolution
		Debug|Any CPU = Debug|Any CPU
		Release|Any CPU = Release|Any CPU
	EndGlobalSection
	GlobalSection(ProjectConfigurationPlatforms) = postSolution
		{9DEF9122-DEF0-44F5-BEA2-96059F318B54}.Debug|Any CPU.ActiveCfg = Debug|Any CPU
		{9DEF9122-DEF0-44F5-BEA2-96059F318B54}.Debug|Any CPU.Build.0 = Debug|Any CPU
		{9DEF9122-DEF0-44F5-BEA2-96059F318B54}.Release|Any CPU.ActiveCfg = Release|Any CPU
		{9DEF9122-DEF0-44F5-BEA2-96059F318B54}.Release|Any CPU.Build.0 = Release|Any CPU
	EndGlobalSection
	GlobalSection(SolutionProperties) = preSolution
		HideSolutionNode = FALSE
	EndGlobalSection
	GlobalSection(ExtensibilityGlobals) = postSolution
		SolutionGuid = {035B9BD1-ACC9-41FD-81B8-BBC0C0AEBFC8}
	EndGlobalSection
EndGlobal
